
Microsoft Visual Studio Solution File, Format Version 12.00
# Visual Studio Version 16
VisualStudioVersion = 16.0.29418.71
MinimumVisualStudioVersion = 10.0.40219.1
Project("{FAE04EC0-301F-11D3-BF4B-00C04F79EFBC}") = "DM-e_Commerce_MVC", "DM-e_Commerce_MVC\DM-e_Commerce_MVC.csproj", "{13E57CBB-8557-4C84-9BB6-CEE3B3F09F67}"
EndProject
Global
	GlobalSection(SolutionConfigurationPlatforms) = preSolution
		Debug|Any CPU = Debug|Any CPU
		Release|Any CPU = Release|Any CPU
	EndGlobalSection
	GlobalSection(ProjectConfigurationPlatforms) = postSolution
		{13E57CBB-8557-4C84-9BB6-CEE3B3F09F67}.Debug|Any CPU.ActiveCfg = Debug|Any CPU
		{13E57CBB-8557-4C84-9BB6-CEE3B3F09F67}.Debug|Any CPU.Build.0 = Debug|Any CPU
		{13E57CBB-8557-4C84-9BB6-CEE3B3F09F67}.Release|Any CPU.ActiveCfg = Release|Any CPU
		{13E57CBB-8557-4C84-9BB6-CEE3B3F09F67}.Release|Any CPU.Build.0 = Release|Any CPU
	EndGlobalSection
	GlobalSection(SolutionProperties) = preSolution
		HideSolutionNode = FALSE
	EndGlobalSection
	GlobalSection(ExtensibilityGlobals) = postSolution
		SolutionGuid = {7B90E481-804D-4C42-831C-B6E1B19514FA}
	EndGlobalSection
EndGlobal
